
Microsoft Visual Studio Solution File, Format Version 12.00
# Visual Studio 14
VisualStudioVersion = 14.0.25420.1
MinimumVisualStudioVersion = 10.0.40219.1
Project("{2150E333-8FDC-42A3-9474-1A3956D46DE8}") = "Ui", "Ui", "{499A1A34-B480-49E1-9A38-D0203C78AC57}"
EndProject
Project("{2150E333-8FDC-42A3-9474-1A3956D46DE8}") = "lib", "lib", "{83E3989B-BCE5-4422-BCE9-74E19DC35FD4}"
EndProject
Project("{FAE04EC0-301F-11D3-BF4B-00C04F79EFBC}") = "HL.Domain", "HL.Domain\HL.Domain.csproj", "{37440FC4-8812-4ED8-994D-0571CA531BCF}"
EndProject
Project("{FAE04EC0-301F-11D3-BF4B-00C04F79EFBC}") = "HL.Web", "HL.Web\HL.Web.csproj", "{A8E7F20D-BE5A-4B80-A256-972FE60DE326}"
EndProject
Project("{FAE04EC0-301F-11D3-BF4B-00C04F79EFBC}") = "HL.Core", "HL.Core\HL.Core.csproj", "{2A4E26FD-337D-4FD8-8220-121D42A1D202}"
EndProject
Project("{FAE04EC0-301F-11D3-BF4B-00C04F79EFBC}") = "HL.Data", "HL.Data\HL.Data.csproj", "{1C7EB5C5-2B19-412B-90E9-329242B6478F}"
EndProject
Project("{FAE04EC0-301F-11D3-BF4B-00C04F79EFBC}") = "HL.WebFramework", "HL.WebFramework\HL.WebFramework.csproj", "{68ACB76A-EB2F-4C93-AF68-A8E506242F3E}"
EndProject
Project("{2150E333-8FDC-42A3-9474-1A3956D46DE8}") = "Extensions", "Extensions", "{F71E397B-EE7F-4EC6-BAFE-1BBD05075366}"
EndProject
Project("{FAE04EC0-301F-11D3-BF4B-00C04F79EFBC}") = "HL.Ioc.Autofac", "HL.Ioc.Autofac\HL.Ioc.Autofac.csproj", "{B3A5A8EE-2748-478F-8478-1DF8D0447996}"
EndProject
Global
	GlobalSection(SolutionConfigurationPlatforms) = preSolution
		Debug|Any CPU = Debug|Any CPU
		Release|Any CPU = Release|Any CPU
	EndGlobalSection
	GlobalSection(ProjectConfigurationPlatforms) = postSolution
		{37440FC4-8812-4ED8-994D-0571CA531BCF}.Debug|Any CPU.ActiveCfg = Debug|Any CPU
		{37440FC4-8812-4ED8-994D-0571CA531BCF}.Debug|Any CPU.Build.0 = Debug|Any CPU
		{37440FC4-8812-4ED8-994D-0571CA531BCF}.Release|Any CPU.ActiveCfg = Release|Any CPU
		{37440FC4-8812-4ED8-994D-0571CA531BCF}.Release|Any CPU.Build.0 = Release|Any CPU
		{A8E7F20D-BE5A-4B80-A256-972FE60DE326}.Debug|Any CPU.ActiveCfg = Debug|Any CPU
		{A8E7F20D-BE5A-4B80-A256-972FE60DE326}.Debug|Any CPU.Build.0 = Debug|Any CPU
		{A8E7F20D-BE5A-4B80-A256-972FE60DE326}.Release|Any CPU.ActiveCfg = Release|Any CPU
		{A8E7F20D-BE5A-4B80-A256-972FE60DE326}.Release|Any CPU.Build.0 = Release|Any CPU
		{2A4E26FD-337D-4FD8-8220-121D42A1D202}.Debug|Any CPU.ActiveCfg = Debug|Any CPU
		{2A4E26FD-337D-4FD8-8220-121D42A1D202}.Debug|Any CPU.Build.0 = Debug|Any CPU
		{2A4E26FD-337D-4FD8-8220-121D42A1D202}.Release|Any CPU.ActiveCfg = Release|Any CPU
		{2A4E26FD-337D-4FD8-8220-121D42A1D202}.Release|Any CPU.Build.0 = Release|Any CPU
		{1C7EB5C5-2B19-412B-90E9-329242B6478F}.Debug|Any CPU.ActiveCfg = Debug|Any CPU
		{1C7EB5C5-2B19-412B-90E9-329242B6478F}.Debug|Any CPU.Build.0 = Debug|Any CPU
		{1C7EB5C5-2B19-412B-90E9-329242B6478F}.Release|Any CPU.ActiveCfg = Release|Any CPU
		{1C7EB5C5-2B19-412B-90E9-329242B6478F}.Release|Any CPU.Build.0 = Release|Any CPU
		{68ACB76A-EB2F-4C93-AF68-A8E506242F3E}.Debug|Any CPU.ActiveCfg = Debug|Any CPU
		{68ACB76A-EB2F-4C93-AF68-A8E506242F3E}.Debug|Any CPU.Build.0 = Debug|Any CPU
		{68ACB76A-EB2F-4C93-AF68-A8E506242F3E}.Release|Any CPU.ActiveCfg = Release|Any CPU
		{68ACB76A-EB2F-4C93-AF68-A8E506242F3E}.Release|Any CPU.Build.0 = Release|Any CPU
		{B3A5A8EE-2748-478F-8478-1DF8D0447996}.Debug|Any CPU.ActiveCfg = Debug|Any CPU
		{B3A5A8EE-2748-478F-8478-1DF8D0447996}.Debug|Any CPU.Build.0 = Debug|Any CPU
		{B3A5A8EE-2748-478F-8478-1DF8D0447996}.Release|Any CPU.ActiveCfg = Release|Any CPU
		{B3A5A8EE-2748-478F-8478-1DF8D0447996}.Release|Any CPU.Build.0 = Release|Any CPU
	EndGlobalSection
	GlobalSection(SolutionProperties) = preSolution
		HideSolutionNode = FALSE
	EndGlobalSection
	GlobalSection(NestedProjects) = preSolution
		{37440FC4-8812-4ED8-994D-0571CA531BCF} = {83E3989B-BCE5-4422-BCE9-74E19DC35FD4}
		{A8E7F20D-BE5A-4B80-A256-972FE60DE326} = {499A1A34-B480-49E1-9A38-D0203C78AC57}
		{2A4E26FD-337D-4FD8-8220-121D42A1D202} = {83E3989B-BCE5-4422-BCE9-74E19DC35FD4}
		{1C7EB5C5-2B19-412B-90E9-329242B6478F} = {83E3989B-BCE5-4422-BCE9-74E19DC35FD4}
		{68ACB76A-EB2F-4C93-AF68-A8E506242F3E} = {83E3989B-BCE5-4422-BCE9-74E19DC35FD4}
		{B3A5A8EE-2748-478F-8478-1DF8D0447996} = {F71E397B-EE7F-4EC6-BAFE-1BBD05075366}
	EndGlobalSection
EndGlobal
